// !$*UTF8*$!
{
	archiveVersion = 1;
	classes = {
	};
	objectVersion = 55;
	objects = {

/* Begin PBXBuildFile section */
		0D07BB6228D41F8F00678472 /* HTTPClient.swift in Sources */ = {isa = PBXBuildFile; fileRef = 0D07BB6128D41F8F00678472 /* HTTPClient.swift */; };
		0D07BB6428D41FD800678472 /* FeedItemsMapper.swift in Sources */ = {isa = PBXBuildFile; fileRef = 0D07BB6328D41FD800678472 /* FeedItemsMapper.swift */; };
		0D07BB6728D600DC00678472 /* URLSessionHTTPClientTests.swift in Sources */ = {isa = PBXBuildFile; fileRef = 0D07BB6628D600DC00678472 /* URLSessionHTTPClientTests.swift */; };
		0D288CAD28D0499500805B95 /* EssentialFeed.docc in Sources */ = {isa = PBXBuildFile; fileRef = 0D288CAC28D0499500805B95 /* EssentialFeed.docc */; };
		0D288CB328D0499500805B95 /* EssentialFeed.framework in Frameworks */ = {isa = PBXBuildFile; fileRef = 0D288CA828D0499500805B95 /* EssentialFeed.framework */; };
		0D288CB928D0499500805B95 /* EssentialFeed.h in Headers */ = {isa = PBXBuildFile; fileRef = 0D288CAB28D0499500805B95 /* EssentialFeed.h */; settings = {ATTRIBUTES = (Public, ); }; };
		0D288CC328D049BB00805B95 /* FeedImage.swift in Sources */ = {isa = PBXBuildFile; fileRef = 0D288CC228D049BB00805B95 /* FeedImage.swift */; };
		0D288CC528D04E6600805B95 /* FeedLoader.swift in Sources */ = {isa = PBXBuildFile; fileRef = 0D288CC428D04E6600805B95 /* FeedLoader.swift */; };
		0D288CC728D04F5600805B95 /* RemoteFeedLoaderTests.swift in Sources */ = {isa = PBXBuildFile; fileRef = 0D288CC628D04F5600805B95 /* RemoteFeedLoaderTests.swift */; };
		0D288CCA28D05C3B00805B95 /* RemoteFeedLoader.swift in Sources */ = {isa = PBXBuildFile; fileRef = 0D288CC928D05C3B00805B95 /* RemoteFeedLoader.swift */; };
		0D780E9428DC9FBB00A22AC8 /* CacheFeedUseCaseTests.swift in Sources */ = {isa = PBXBuildFile; fileRef = 0D780E9328DC9FBB00A22AC8 /* CacheFeedUseCaseTests.swift */; };
		0DEEF19B28E1595E00EB1558 /* LocalFeedLoader.swift in Sources */ = {isa = PBXBuildFile; fileRef = 0DEEF19A28E1595E00EB1558 /* LocalFeedLoader.swift */; };
		0DEEF19D28E159DD00EB1558 /* FeedStore.swift in Sources */ = {isa = PBXBuildFile; fileRef = 0DEEF19C28E159DD00EB1558 /* FeedStore.swift */; };
		0DEEF19F28E1634700EB1558 /* RemoteFeedItem.swift in Sources */ = {isa = PBXBuildFile; fileRef = 0DEEF19E28E1634700EB1558 /* RemoteFeedItem.swift */; };
		0DEEF1A128E1636200EB1558 /* LocalFeedImage.swift in Sources */ = {isa = PBXBuildFile; fileRef = 0DEEF1A028E1636200EB1558 /* LocalFeedImage.swift */; };
		0DEEF1C528E2D55300EB1558 /* LoadFeedFromCacheUseCaseTests.swift in Sources */ = {isa = PBXBuildFile; fileRef = 0DEEF1C428E2D55300EB1558 /* LoadFeedFromCacheUseCaseTests.swift */; };
		0DEEF1C828E2D68D00EB1558 /* FeedStoreSpy.swift in Sources */ = {isa = PBXBuildFile; fileRef = 0DEEF1C728E2D68D00EB1558 /* FeedStoreSpy.swift */; };
		0DFA2F8828D8B2D800125BAB /* XCTestCase+MemoryLeakTracking.swift in Sources */ = {isa = PBXBuildFile; fileRef = 0DFA2F8728D8B2D800125BAB /* XCTestCase+MemoryLeakTracking.swift */; };
		0DFA2F8A28D994C600125BAB /* URLSessionHTTPClient.swift in Sources */ = {isa = PBXBuildFile; fileRef = 0DFA2F8928D994C600125BAB /* URLSessionHTTPClient.swift */; };
		0DFA2F9228D9984E00125BAB /* EssentialFeedAPIEndToEndTests.swift in Sources */ = {isa = PBXBuildFile; fileRef = 0DFA2F9128D9984E00125BAB /* EssentialFeedAPIEndToEndTests.swift */; };
		0DFA2F9328D9984E00125BAB /* EssentialFeed.framework in Frameworks */ = {isa = PBXBuildFile; fileRef = 0D288CA828D0499500805B95 /* EssentialFeed.framework */; };
		0DFA2F9928D99E5700125BAB /* XCTestCase+MemoryLeakTracking.swift in Sources */ = {isa = PBXBuildFile; fileRef = 0DFA2F8728D8B2D800125BAB /* XCTestCase+MemoryLeakTracking.swift */; };
/* End PBXBuildFile section */

/* Begin PBXContainerItemProxy section */
		0D288CB428D0499500805B95 /* PBXContainerItemProxy */ = {
			isa = PBXContainerItemProxy;
			containerPortal = 0D288C9F28D0499500805B95 /* Project object */;
			proxyType = 1;
			remoteGlobalIDString = 0D288CA728D0499500805B95;
			remoteInfo = EssentialFeed;
		};
		0DFA2F9428D9984E00125BAB /* PBXContainerItemProxy */ = {
			isa = PBXContainerItemProxy;
			containerPortal = 0D288C9F28D0499500805B95 /* Project object */;
			proxyType = 1;
			remoteGlobalIDString = 0D288CA728D0499500805B95;
			remoteInfo = EssentialFeed;
		};
/* End PBXContainerItemProxy section */

/* Begin PBXFileReference section */
		0D07BB6128D41F8F00678472 /* HTTPClient.swift */ = {isa = PBXFileReference; lastKnownFileType = sourcecode.swift; path = HTTPClient.swift; sourceTree = "<group>"; };
		0D07BB6328D41FD800678472 /* FeedItemsMapper.swift */ = {isa = PBXFileReference; lastKnownFileType = sourcecode.swift; path = FeedItemsMapper.swift; sourceTree = "<group>"; };
		0D07BB6628D600DC00678472 /* URLSessionHTTPClientTests.swift */ = {isa = PBXFileReference; lastKnownFileType = sourcecode.swift; path = URLSessionHTTPClientTests.swift; sourceTree = "<group>"; };
		0D288CA828D0499500805B95 /* EssentialFeed.framework */ = {isa = PBXFileReference; explicitFileType = wrapper.framework; includeInIndex = 0; path = EssentialFeed.framework; sourceTree = BUILT_PRODUCTS_DIR; };
		0D288CAB28D0499500805B95 /* EssentialFeed.h */ = {isa = PBXFileReference; lastKnownFileType = sourcecode.c.h; path = EssentialFeed.h; sourceTree = "<group>"; };
		0D288CAC28D0499500805B95 /* EssentialFeed.docc */ = {isa = PBXFileReference; lastKnownFileType = folder.documentationcatalog; path = EssentialFeed.docc; sourceTree = "<group>"; };
		0D288CB228D0499500805B95 /* EssentialFeedTests.xctest */ = {isa = PBXFileReference; explicitFileType = wrapper.cfbundle; includeInIndex = 0; path = EssentialFeedTests.xctest; sourceTree = BUILT_PRODUCTS_DIR; };
		0D288CC228D049BB00805B95 /* FeedImage.swift */ = {isa = PBXFileReference; lastKnownFileType = sourcecode.swift; path = FeedImage.swift; sourceTree = "<group>"; };
		0D288CC428D04E6600805B95 /* FeedLoader.swift */ = {isa = PBXFileReference; lastKnownFileType = sourcecode.swift; path = FeedLoader.swift; sourceTree = "<group>"; };
		0D288CC628D04F5600805B95 /* RemoteFeedLoaderTests.swift */ = {isa = PBXFileReference; lastKnownFileType = sourcecode.swift; path = RemoteFeedLoaderTests.swift; sourceTree = "<group>"; };
		0D288CC928D05C3B00805B95 /* RemoteFeedLoader.swift */ = {isa = PBXFileReference; lastKnownFileType = sourcecode.swift; path = RemoteFeedLoader.swift; sourceTree = "<group>"; };
		0D780E9328DC9FBB00A22AC8 /* CacheFeedUseCaseTests.swift */ = {isa = PBXFileReference; lastKnownFileType = sourcecode.swift; path = CacheFeedUseCaseTests.swift; sourceTree = "<group>"; };
		0DEEF19A28E1595E00EB1558 /* LocalFeedLoader.swift */ = {isa = PBXFileReference; lastKnownFileType = sourcecode.swift; path = LocalFeedLoader.swift; sourceTree = "<group>"; };
		0DEEF19C28E159DD00EB1558 /* FeedStore.swift */ = {isa = PBXFileReference; lastKnownFileType = sourcecode.swift; path = FeedStore.swift; sourceTree = "<group>"; };
		0DEEF19E28E1634700EB1558 /* RemoteFeedItem.swift */ = {isa = PBXFileReference; lastKnownFileType = sourcecode.swift; path = RemoteFeedItem.swift; sourceTree = "<group>"; };
		0DEEF1A028E1636200EB1558 /* LocalFeedImage.swift */ = {isa = PBXFileReference; lastKnownFileType = sourcecode.swift; path = LocalFeedImage.swift; sourceTree = "<group>"; };
		0DEEF1C428E2D55300EB1558 /* LoadFeedFromCacheUseCaseTests.swift */ = {isa = PBXFileReference; lastKnownFileType = sourcecode.swift; path = LoadFeedFromCacheUseCaseTests.swift; sourceTree = "<group>"; };
		0DEEF1C728E2D68D00EB1558 /* FeedStoreSpy.swift */ = {isa = PBXFileReference; lastKnownFileType = sourcecode.swift; path = FeedStoreSpy.swift; sourceTree = "<group>"; };
		0DFA2F8728D8B2D800125BAB /* XCTestCase+MemoryLeakTracking.swift */ = {isa = PBXFileReference; lastKnownFileType = sourcecode.swift; path = "XCTestCase+MemoryLeakTracking.swift"; sourceTree = "<group>"; };
		0DFA2F8928D994C600125BAB /* URLSessionHTTPClient.swift */ = {isa = PBXFileReference; lastKnownFileType = sourcecode.swift; path = URLSessionHTTPClient.swift; sourceTree = "<group>"; };
		0DFA2F8F28D9984E00125BAB /* EssentialFeedAPIEndToEndTests.xctest */ = {isa = PBXFileReference; explicitFileType = wrapper.cfbundle; includeInIndex = 0; path = EssentialFeedAPIEndToEndTests.xctest; sourceTree = BUILT_PRODUCTS_DIR; };
		0DFA2F9128D9984E00125BAB /* EssentialFeedAPIEndToEndTests.swift */ = {isa = PBXFileReference; lastKnownFileType = sourcecode.swift; path = EssentialFeedAPIEndToEndTests.swift; sourceTree = "<group>"; };
/* End PBXFileReference section */

/* Begin PBXFrameworksBuildPhase section */
		0D288CA528D0499500805B95 /* Frameworks */ = {
			isa = PBXFrameworksBuildPhase;
			buildActionMask = 2147483647;
			files = (
			);
			runOnlyForDeploymentPostprocessing = 0;
		};
		0D288CAF28D0499500805B95 /* Frameworks */ = {
			isa = PBXFrameworksBuildPhase;
			buildActionMask = 2147483647;
			files = (
				0D288CB328D0499500805B95 /* EssentialFeed.framework in Frameworks */,
			);
			runOnlyForDeploymentPostprocessing = 0;
		};
		0DFA2F8C28D9984E00125BAB /* Frameworks */ = {
			isa = PBXFrameworksBuildPhase;
			buildActionMask = 2147483647;
			files = (
				0DFA2F9328D9984E00125BAB /* EssentialFeed.framework in Frameworks */,
			);
			runOnlyForDeploymentPostprocessing = 0;
		};
/* End PBXFrameworksBuildPhase section */

/* Begin PBXGroup section */
		0D07BB6528D4266600678472 /* Feed API */ = {
			isa = PBXGroup;
			children = (
				0D288CC628D04F5600805B95 /* RemoteFeedLoaderTests.swift */,
				0D07BB6628D600DC00678472 /* URLSessionHTTPClientTests.swift */,
			);
			path = "Feed API";
			sourceTree = "<group>";
		};
		0D288C9E28D0499500805B95 = {
			isa = PBXGroup;
			children = (
				0D288CAA28D0499500805B95 /* EssentialFeed */,
				0D288CB628D0499500805B95 /* EssentialFeedTests */,
				0DFA2F9028D9984E00125BAB /* EssentialFeedAPIEndToEndTests */,
				0D288CA928D0499500805B95 /* Products */,
			);
			sourceTree = "<group>";
		};
		0D288CA928D0499500805B95 /* Products */ = {
			isa = PBXGroup;
			children = (
				0D288CA828D0499500805B95 /* EssentialFeed.framework */,
				0D288CB228D0499500805B95 /* EssentialFeedTests.xctest */,
				0DFA2F8F28D9984E00125BAB /* EssentialFeedAPIEndToEndTests.xctest */,
			);
			name = Products;
			sourceTree = "<group>";
		};
		0D288CAA28D0499500805B95 /* EssentialFeed */ = {
			isa = PBXGroup;
			children = (
				0D780E9128DC9F9A00A22AC8 /* Feed Cache */,
				0D288CC828D05C3000805B95 /* Feed API */,
				0D288CAB28D0499500805B95 /* EssentialFeed.h */,
				0D288CAC28D0499500805B95 /* EssentialFeed.docc */,
				0D288CC228D049BB00805B95 /* FeedImage.swift */,
				0D288CC428D04E6600805B95 /* FeedLoader.swift */,
			);
			path = EssentialFeed;
			sourceTree = "<group>";
		};
		0D288CB628D0499500805B95 /* EssentialFeedTests */ = {
			isa = PBXGroup;
			children = (
				0DFA2F8628D8B2BA00125BAB /* Helpers */,
				0D780E9228DC9FA800A22AC8 /* Feed Cache */,
				0D07BB6528D4266600678472 /* Feed API */,
			);
			path = EssentialFeedTests;
			sourceTree = "<group>";
		};
		0D288CC828D05C3000805B95 /* Feed API */ = {
			isa = PBXGroup;
			children = (
				0D07BB6128D41F8F00678472 /* HTTPClient.swift */,
				0D288CC928D05C3B00805B95 /* RemoteFeedLoader.swift */,
				0D07BB6328D41FD800678472 /* FeedItemsMapper.swift */,
				0DFA2F8928D994C600125BAB /* URLSessionHTTPClient.swift */,
				0DEEF19E28E1634700EB1558 /* RemoteFeedItem.swift */,
			);
			path = "Feed API";
			sourceTree = "<group>";
		};
		0D780E9128DC9F9A00A22AC8 /* Feed Cache */ = {
			isa = PBXGroup;
			children = (
				0DEEF19A28E1595E00EB1558 /* LocalFeedLoader.swift */,
				0DEEF19C28E159DD00EB1558 /* FeedStore.swift */,
				0DEEF1A028E1636200EB1558 /* LocalFeedImage.swift */,
			);
			path = "Feed Cache";
			sourceTree = "<group>";
		};
		0D780E9228DC9FA800A22AC8 /* Feed Cache */ = {
			isa = PBXGroup;
			children = (
				0DEEF1C628E2D67A00EB1558 /* Helpers */,
				0D780E9328DC9FBB00A22AC8 /* CacheFeedUseCaseTests.swift */,
				0DEEF1C428E2D55300EB1558 /* LoadFeedFromCacheUseCaseTests.swift */,
			);
			path = "Feed Cache";
			sourceTree = "<group>";
		};
		0DEEF1C628E2D67A00EB1558 /* Helpers */ = {
			isa = PBXGroup;
			children = (
				0DEEF1C728E2D68D00EB1558 /* FeedStoreSpy.swift */,
			);
			path = Helpers;
			sourceTree = "<group>";
		};
		0DFA2F8628D8B2BA00125BAB /* Helpers */ = {
			isa = PBXGroup;
			children = (
				0DFA2F8728D8B2D800125BAB /* XCTestCase+MemoryLeakTracking.swift */,
			);
			path = Helpers;
			sourceTree = "<group>";
		};
		0DFA2F9028D9984E00125BAB /* EssentialFeedAPIEndToEndTests */ = {
			isa = PBXGroup;
			children = (
				0DFA2F9128D9984E00125BAB /* EssentialFeedAPIEndToEndTests.swift */,
			);
			path = EssentialFeedAPIEndToEndTests;
			sourceTree = "<group>";
		};
/* End PBXGroup section */

/* Begin PBXHeadersBuildPhase section */
		0D288CA328D0499500805B95 /* Headers */ = {
			isa = PBXHeadersBuildPhase;
			buildActionMask = 2147483647;
			files = (
				0D288CB928D0499500805B95 /* EssentialFeed.h in Headers */,
			);
			runOnlyForDeploymentPostprocessing = 0;
		};
/* End PBXHeadersBuildPhase section */

/* Begin PBXNativeTarget section */
		0D288CA728D0499500805B95 /* EssentialFeed */ = {
			isa = PBXNativeTarget;
			buildConfigurationList = 0D288CBC28D0499500805B95 /* Build configuration list for PBXNativeTarget "EssentialFeed" */;
			buildPhases = (
				0D288CA328D0499500805B95 /* Headers */,
				0D288CA428D0499500805B95 /* Sources */,
				0D288CA528D0499500805B95 /* Frameworks */,
				0D288CA628D0499500805B95 /* Resources */,
			);
			buildRules = (
			);
			dependencies = (
			);
			name = EssentialFeed;
			productName = EssentialFeed;
			productReference = 0D288CA828D0499500805B95 /* EssentialFeed.framework */;
			productType = "com.apple.product-type.framework";
		};
		0D288CB128D0499500805B95 /* EssentialFeedTests */ = {
			isa = PBXNativeTarget;
			buildConfigurationList = 0D288CBF28D0499500805B95 /* Build configuration list for PBXNativeTarget "EssentialFeedTests" */;
			buildPhases = (
				0D288CAE28D0499500805B95 /* Sources */,
				0D288CAF28D0499500805B95 /* Frameworks */,
				0D288CB028D0499500805B95 /* Resources */,
			);
			buildRules = (
			);
			dependencies = (
				0D288CB528D0499500805B95 /* PBXTargetDependency */,
			);
			name = EssentialFeedTests;
			productName = EssentialFeedTests;
			productReference = 0D288CB228D0499500805B95 /* EssentialFeedTests.xctest */;
			productType = "com.apple.product-type.bundle.unit-test";
		};
		0DFA2F8E28D9984E00125BAB /* EssentialFeedAPIEndToEndTests */ = {
			isa = PBXNativeTarget;
			buildConfigurationList = 0DFA2F9628D9984E00125BAB /* Build configuration list for PBXNativeTarget "EssentialFeedAPIEndToEndTests" */;
			buildPhases = (
				0DFA2F8B28D9984E00125BAB /* Sources */,
				0DFA2F8C28D9984E00125BAB /* Frameworks */,
				0DFA2F8D28D9984E00125BAB /* Resources */,
			);
			buildRules = (
			);
			dependencies = (
				0DFA2F9528D9984E00125BAB /* PBXTargetDependency */,
			);
			name = EssentialFeedAPIEndToEndTests;
			productName = EssentialFeedAPIEndToEndTests;
			productReference = 0DFA2F8F28D9984E00125BAB /* EssentialFeedAPIEndToEndTests.xctest */;
			productType = "com.apple.product-type.bundle.unit-test";
		};
/* End PBXNativeTarget section */

/* Begin PBXProject section */
		0D288C9F28D0499500805B95 /* Project object */ = {
			isa = PBXProject;
			attributes = {
				BuildIndependentTargetsInParallel = 1;
				LastSwiftUpdateCheck = 1340;
				LastUpgradeCheck = 1340;
				TargetAttributes = {
					0D288CA728D0499500805B95 = {
						CreatedOnToolsVersion = 13.4.1;
					};
					0D288CB128D0499500805B95 = {
						CreatedOnToolsVersion = 13.4.1;
					};
					0DFA2F8E28D9984E00125BAB = {
						CreatedOnToolsVersion = 13.4.1;
					};
				};
			};
			buildConfigurationList = 0D288CA228D0499500805B95 /* Build configuration list for PBXProject "EssentialFeed" */;
			compatibilityVersion = "Xcode 13.0";
			developmentRegion = en;
			hasScannedForEncodings = 0;
			knownRegions = (
				en,
				Base,
			);
			mainGroup = 0D288C9E28D0499500805B95;
			productRefGroup = 0D288CA928D0499500805B95 /* Products */;
			projectDirPath = "";
			projectRoot = "";
			targets = (
				0D288CA728D0499500805B95 /* EssentialFeed */,
				0D288CB128D0499500805B95 /* EssentialFeedTests */,
				0DFA2F8E28D9984E00125BAB /* EssentialFeedAPIEndToEndTests */,
			);
		};
/* End PBXProject section */

/* Begin PBXResourcesBuildPhase section */
		0D288CA628D0499500805B95 /* Resources */ = {
			isa = PBXResourcesBuildPhase;
			buildActionMask = 2147483647;
			files = (
			);
			runOnlyForDeploymentPostprocessing = 0;
		};
		0D288CB028D0499500805B95 /* Resources */ = {
			isa = PBXResourcesBuildPhase;
			buildActionMask = 2147483647;
			files = (
			);
			runOnlyForDeploymentPostprocessing = 0;
		};
		0DFA2F8D28D9984E00125BAB /* Resources */ = {
			isa = PBXResourcesBuildPhase;
			buildActionMask = 2147483647;
			files = (
			);
			runOnlyForDeploymentPostprocessing = 0;
		};
/* End PBXResourcesBuildPhase section */

/* Begin PBXSourcesBuildPhase section */
		0D288CA428D0499500805B95 /* Sources */ = {
			isa = PBXSourcesBuildPhase;
			buildActionMask = 2147483647;
			files = (
				0DEEF19D28E159DD00EB1558 /* FeedStore.swift in Sources */,
				0DFA2F8A28D994C600125BAB /* URLSessionHTTPClient.swift in Sources */,
				0D288CCA28D05C3B00805B95 /* RemoteFeedLoader.swift in Sources */,
				0D07BB6228D41F8F00678472 /* HTTPClient.swift in Sources */,
				0D288CC528D04E6600805B95 /* FeedLoader.swift in Sources */,
				0DEEF1A128E1636200EB1558 /* LocalFeedImage.swift in Sources */,
				0D07BB6428D41FD800678472 /* FeedItemsMapper.swift in Sources */,
				0DEEF19F28E1634700EB1558 /* RemoteFeedItem.swift in Sources */,
				0D288CC328D049BB00805B95 /* FeedImage.swift in Sources */,
				0DEEF19B28E1595E00EB1558 /* LocalFeedLoader.swift in Sources */,
				0D288CAD28D0499500805B95 /* EssentialFeed.docc in Sources */,
			);
			runOnlyForDeploymentPostprocessing = 0;
		};
		0D288CAE28D0499500805B95 /* Sources */ = {
			isa = PBXSourcesBuildPhase;
			buildActionMask = 2147483647;
			files = (
				0D288CC728D04F5600805B95 /* RemoteFeedLoaderTests.swift in Sources */,
				0D07BB6728D600DC00678472 /* URLSessionHTTPClientTests.swift in Sources */,
				0DEEF1C828E2D68D00EB1558 /* FeedStoreSpy.swift in Sources */,
				0D780E9428DC9FBB00A22AC8 /* CacheFeedUseCaseTests.swift in Sources */,
				0DEEF1C528E2D55300EB1558 /* LoadFeedFromCacheUseCaseTests.swift in Sources */,
				0DFA2F8828D8B2D800125BAB /* XCTestCase+MemoryLeakTracking.swift in Sources */,
			);
			runOnlyForDeploymentPostprocessing = 0;
		};
		0DFA2F8B28D9984E00125BAB /* Sources */ = {
			isa = PBXSourcesBuildPhase;
			buildActionMask = 2147483647;
			files = (
				0DFA2F9228D9984E00125BAB /* EssentialFeedAPIEndToEndTests.swift in Sources */,
				0DFA2F9928D99E5700125BAB /* XCTestCase+MemoryLeakTracking.swift in Sources */,
			);
			runOnlyForDeploymentPostprocessing = 0;
		};
/* End PBXSourcesBuildPhase section */

/* Begin PBXTargetDependency section */
		0D288CB528D0499500805B95 /* PBXTargetDependency */ = {
			isa = PBXTargetDependency;
			target = 0D288CA728D0499500805B95 /* EssentialFeed */;
			targetProxy = 0D288CB428D0499500805B95 /* PBXContainerItemProxy */;
		};
		0DFA2F9528D9984E00125BAB /* PBXTargetDependency */ = {
			isa = PBXTargetDependency;
			target = 0D288CA728D0499500805B95 /* EssentialFeed */;
			targetProxy = 0DFA2F9428D9984E00125BAB /* PBXContainerItemProxy */;
		};
/* End PBXTargetDependency section */

/* Begin XCBuildConfiguration section */
		0D288CBA28D0499500805B95 /* Debug */ = {
			isa = XCBuildConfiguration;
			buildSettings = {
				ALWAYS_SEARCH_USER_PATHS = NO;
				CLANG_ANALYZER_NONNULL = YES;
				CLANG_ANALYZER_NUMBER_OBJECT_CONVERSION = YES_AGGRESSIVE;
				CLANG_CXX_LANGUAGE_STANDARD = "gnu++17";
				CLANG_ENABLE_MODULES = YES;
				CLANG_ENABLE_OBJC_ARC = YES;
				CLANG_ENABLE_OBJC_WEAK = YES;
				CLANG_WARN_BLOCK_CAPTURE_AUTORELEASING = YES;
				CLANG_WARN_BOOL_CONVERSION = YES;
				CLANG_WARN_COMMA = YES;
				CLANG_WARN_CONSTANT_CONVERSION = YES;
				CLANG_WARN_DEPRECATED_OBJC_IMPLEMENTATIONS = YES;
				CLANG_WARN_DIRECT_OBJC_ISA_USAGE = YES_ERROR;
				CLANG_WARN_DOCUMENTATION_COMMENTS = YES;
				CLANG_WARN_EMPTY_BODY = YES;
				CLANG_WARN_ENUM_CONVERSION = YES;
				CLANG_WARN_INFINITE_RECURSION = YES;
				CLANG_WARN_INT_CONVERSION = YES;
				CLANG_WARN_NON_LITERAL_NULL_CONVERSION = YES;
				CLANG_WARN_OBJC_IMPLICIT_RETAIN_SELF = YES;
				CLANG_WARN_OBJC_LITERAL_CONVERSION = YES;
				CLANG_WARN_OBJC_ROOT_CLASS = YES_ERROR;
				CLANG_WARN_QUOTED_INCLUDE_IN_FRAMEWORK_HEADER = YES;
				CLANG_WARN_RANGE_LOOP_ANALYSIS = YES;
				CLANG_WARN_STRICT_PROTOTYPES = YES;
				CLANG_WARN_SUSPICIOUS_MOVE = YES;
				CLANG_WARN_UNGUARDED_AVAILABILITY = YES_AGGRESSIVE;
				CLANG_WARN_UNREACHABLE_CODE = YES;
				CLANG_WARN__DUPLICATE_METHOD_MATCH = YES;
				COPY_PHASE_STRIP = NO;
				CURRENT_PROJECT_VERSION = 1;
				DEBUG_INFORMATION_FORMAT = dwarf;
				ENABLE_STRICT_OBJC_MSGSEND = YES;
				ENABLE_TESTABILITY = YES;
				GCC_C_LANGUAGE_STANDARD = gnu11;
				GCC_DYNAMIC_NO_PIC = NO;
				GCC_NO_COMMON_BLOCKS = YES;
				GCC_OPTIMIZATION_LEVEL = 0;
				GCC_PREPROCESSOR_DEFINITIONS = (
					"DEBUG=1",
					"$(inherited)",
				);
				GCC_WARN_64_TO_32_BIT_CONVERSION = YES;
				GCC_WARN_ABOUT_RETURN_TYPE = YES_ERROR;
				GCC_WARN_UNDECLARED_SELECTOR = YES;
				GCC_WARN_UNINITIALIZED_AUTOS = YES_AGGRESSIVE;
				GCC_WARN_UNUSED_FUNCTION = YES;
				GCC_WARN_UNUSED_VARIABLE = YES;
				MACOSX_DEPLOYMENT_TARGET = 12.3;
				MTL_ENABLE_DEBUG_INFO = INCLUDE_SOURCE;
				MTL_FAST_MATH = YES;
				ONLY_ACTIVE_ARCH = YES;
				SDKROOT = macosx;
				SWIFT_ACTIVE_COMPILATION_CONDITIONS = DEBUG;
				SWIFT_OPTIMIZATION_LEVEL = "-Onone";
				VERSIONING_SYSTEM = "apple-generic";
				VERSION_INFO_PREFIX = "";
			};
			name = Debug;
		};
		0D288CBB28D0499500805B95 /* Release */ = {
			isa = XCBuildConfiguration;
			buildSettings = {
				ALWAYS_SEARCH_USER_PATHS = NO;
				CLANG_ANALYZER_NONNULL = YES;
				CLANG_ANALYZER_NUMBER_OBJECT_CONVERSION = YES_AGGRESSIVE;
				CLANG_CXX_LANGUAGE_STANDARD = "gnu++17";
				CLANG_ENABLE_MODULES = YES;
				CLANG_ENABLE_OBJC_ARC = YES;
				CLANG_ENABLE_OBJC_WEAK = YES;
				CLANG_WARN_BLOCK_CAPTURE_AUTORELEASING = YES;
				CLANG_WARN_BOOL_CONVERSION = YES;
				CLANG_WARN_COMMA = YES;
				CLANG_WARN_CONSTANT_CONVERSION = YES;
				CLANG_WARN_DEPRECATED_OBJC_IMPLEMENTATIONS = YES;
				CLANG_WARN_DIRECT_OBJC_ISA_USAGE = YES_ERROR;
				CLANG_WARN_DOCUMENTATION_COMMENTS = YES;
				CLANG_WARN_EMPTY_BODY = YES;
				CLANG_WARN_ENUM_CONVERSION = YES;
				CLANG_WARN_INFINITE_RECURSION = YES;
				CLANG_WARN_INT_CONVERSION = YES;
				CLANG_WARN_NON_LITERAL_NULL_CONVERSION = YES;
				CLANG_WARN_OBJC_IMPLICIT_RETAIN_SELF = YES;
				CLANG_WARN_OBJC_LITERAL_CONVERSION = YES;
				CLANG_WARN_OBJC_ROOT_CLASS = YES_ERROR;
				CLANG_WARN_QUOTED_INCLUDE_IN_FRAMEWORK_HEADER = YES;
				CLANG_WARN_RANGE_LOOP_ANALYSIS = YES;
				CLANG_WARN_STRICT_PROTOTYPES = YES;
				CLANG_WARN_SUSPICIOUS_MOVE = YES;
				CLANG_WARN_UNGUARDED_AVAILABILITY = YES_AGGRESSIVE;
				CLANG_WARN_UNREACHABLE_CODE = YES;
				CLANG_WARN__DUPLICATE_METHOD_MATCH = YES;
				COPY_PHASE_STRIP = NO;
				CURRENT_PROJECT_VERSION = 1;
				DEBUG_INFORMATION_FORMAT = "dwarf-with-dsym";
				ENABLE_NS_ASSERTIONS = NO;
				ENABLE_STRICT_OBJC_MSGSEND = YES;
				GCC_C_LANGUAGE_STANDARD = gnu11;
				GCC_NO_COMMON_BLOCKS = YES;
				GCC_WARN_64_TO_32_BIT_CONVERSION = YES;
				GCC_WARN_ABOUT_RETURN_TYPE = YES_ERROR;
				GCC_WARN_UNDECLARED_SELECTOR = YES;
				GCC_WARN_UNINITIALIZED_AUTOS = YES_AGGRESSIVE;
				GCC_WARN_UNUSED_FUNCTION = YES;
				GCC_WARN_UNUSED_VARIABLE = YES;
				MACOSX_DEPLOYMENT_TARGET = 12.3;
				MTL_ENABLE_DEBUG_INFO = NO;
				MTL_FAST_MATH = YES;
				SDKROOT = macosx;
				SWIFT_COMPILATION_MODE = wholemodule;
				SWIFT_OPTIMIZATION_LEVEL = "-O";
				VERSIONING_SYSTEM = "apple-generic";
				VERSION_INFO_PREFIX = "";
			};
			name = Release;
		};
		0D288CBD28D0499500805B95 /* Debug */ = {
			isa = XCBuildConfiguration;
			buildSettings = {
				CODE_SIGN_STYLE = Automatic;
				COMBINE_HIDPI_IMAGES = YES;
				CURRENT_PROJECT_VERSION = 1;
				DEFINES_MODULE = YES;
				DEVELOPMENT_TEAM = 3AMS94597U;
				DYLIB_COMPATIBILITY_VERSION = 1;
				DYLIB_CURRENT_VERSION = 1;
				DYLIB_INSTALL_NAME_BASE = "@rpath";
				GENERATE_INFOPLIST_FILE = YES;
				INFOPLIST_KEY_NSHumanReadableCopyright = "";
				INSTALL_PATH = "$(LOCAL_LIBRARY_DIR)/Frameworks";
				LD_RUNPATH_SEARCH_PATHS = (
					"$(inherited)",
					"@executable_path/../Frameworks",
					"@loader_path/Frameworks",
				);
				MARKETING_VERSION = 1.0;
				PRODUCT_BUNDLE_IDENTIFIER = com.tyegah.EssentialFeed;
				PRODUCT_NAME = "$(TARGET_NAME:c99extidentifier)";
				SKIP_INSTALL = YES;
				SWIFT_EMIT_LOC_STRINGS = YES;
				SWIFT_VERSION = 5.0;
			};
			name = Debug;
		};
		0D288CBE28D0499500805B95 /* Release */ = {
			isa = XCBuildConfiguration;
			buildSettings = {
				CODE_SIGN_STYLE = Automatic;
				COMBINE_HIDPI_IMAGES = YES;
				CURRENT_PROJECT_VERSION = 1;
				DEFINES_MODULE = YES;
				DEVELOPMENT_TEAM = 3AMS94597U;
				DYLIB_COMPATIBILITY_VERSION = 1;
				DYLIB_CURRENT_VERSION = 1;
				DYLIB_INSTALL_NAME_BASE = "@rpath";
				GENERATE_INFOPLIST_FILE = YES;
				INFOPLIST_KEY_NSHumanReadableCopyright = "";
				INSTALL_PATH = "$(LOCAL_LIBRARY_DIR)/Frameworks";
				LD_RUNPATH_SEARCH_PATHS = (
					"$(inherited)",
					"@executable_path/../Frameworks",
					"@loader_path/Frameworks",
				);
				MARKETING_VERSION = 1.0;
				PRODUCT_BUNDLE_IDENTIFIER = com.tyegah.EssentialFeed;
				PRODUCT_NAME = "$(TARGET_NAME:c99extidentifier)";
				SKIP_INSTALL = YES;
				SWIFT_EMIT_LOC_STRINGS = YES;
				SWIFT_VERSION = 5.0;
			};
			name = Release;
		};
		0D288CC028D0499500805B95 /* Debug */ = {
			isa = XCBuildConfiguration;
			buildSettings = {
				ALWAYS_EMBED_SWIFT_STANDARD_LIBRARIES = YES;
				CODE_SIGN_STYLE = Automatic;
				CURRENT_PROJECT_VERSION = 1;
				DEVELOPMENT_TEAM = 3AMS94597U;
				GENERATE_INFOPLIST_FILE = YES;
				MARKETING_VERSION = 1.0;
				PRODUCT_BUNDLE_IDENTIFIER = com.tyegah.EssentialFeedTests;
				PRODUCT_NAME = "$(TARGET_NAME)";
				SWIFT_EMIT_LOC_STRINGS = NO;
				SWIFT_VERSION = 5.0;
			};
			name = Debug;
		};
		0D288CC128D0499500805B95 /* Release */ = {
			isa = XCBuildConfiguration;
			buildSettings = {
				ALWAYS_EMBED_SWIFT_STANDARD_LIBRARIES = YES;
				CODE_SIGN_STYLE = Automatic;
				CURRENT_PROJECT_VERSION = 1;
				DEVELOPMENT_TEAM = 3AMS94597U;
				GENERATE_INFOPLIST_FILE = YES;
				MARKETING_VERSION = 1.0;
				PRODUCT_BUNDLE_IDENTIFIER = com.tyegah.EssentialFeedTests;
				PRODUCT_NAME = "$(TARGET_NAME)";
				SWIFT_EMIT_LOC_STRINGS = NO;
				SWIFT_VERSION = 5.0;
			};
			name = Release;
		};
		0DFA2F9728D9984E00125BAB /* Debug */ = {
			isa = XCBuildConfiguration;
			buildSettings = {
				CODE_SIGN_STYLE = Automatic;
				CURRENT_PROJECT_VERSION = 1;
				DEVELOPMENT_TEAM = 3AMS94597U;
				GENERATE_INFOPLIST_FILE = YES;
				MARKETING_VERSION = 1.0;
				PRODUCT_BUNDLE_IDENTIFIER = com.tyegah.EssentialFeedAPIEndToEndTests;
				PRODUCT_NAME = "$(TARGET_NAME)";
				SWIFT_EMIT_LOC_STRINGS = NO;
				SWIFT_VERSION = 5.0;
			};
			name = Debug;
		};
		0DFA2F9828D9984E00125BAB /* Release */ = {
			isa = XCBuildConfiguration;
			buildSettings = {
				CODE_SIGN_STYLE = Automatic;
				CURRENT_PROJECT_VERSION = 1;
				DEVELOPMENT_TEAM = 3AMS94597U;
				GENERATE_INFOPLIST_FILE = YES;
				MARKETING_VERSION = 1.0;
				PRODUCT_BUNDLE_IDENTIFIER = com.tyegah.EssentialFeedAPIEndToEndTests;
				PRODUCT_NAME = "$(TARGET_NAME)";
				SWIFT_EMIT_LOC_STRINGS = NO;
				SWIFT_VERSION = 5.0;
			};
			name = Release;
		};
/* End XCBuildConfiguration section */

/* Begin XCConfigurationList section */
		0D288CA228D0499500805B95 /* Build configuration list for PBXProject "EssentialFeed" */ = {
			isa = XCConfigurationList;
			buildConfigurations = (
				0D288CBA28D0499500805B95 /* Debug */,
				0D288CBB28D0499500805B95 /* Release */,
			);
			defaultConfigurationIsVisible = 0;
			defaultConfigurationName = Release;
		};
		0D288CBC28D0499500805B95 /* Build configuration list for PBXNativeTarget "EssentialFeed" */ = {
			isa = XCConfigurationList;
			buildConfigurations = (
				0D288CBD28D0499500805B95 /* Debug */,
				0D288CBE28D0499500805B95 /* Release */,
			);
			defaultConfigurationIsVisible = 0;
			defaultConfigurationName = Release;
		};
		0D288CBF28D0499500805B95 /* Build configuration list for PBXNativeTarget "EssentialFeedTests" */ = {
			isa = XCConfigurationList;
			buildConfigurations = (
				0D288CC028D0499500805B95 /* Debug */,
				0D288CC128D0499500805B95 /* Release */,
			);
			defaultConfigurationIsVisible = 0;
			defaultConfigurationName = Release;
		};
		0DFA2F9628D9984E00125BAB /* Build configuration list for PBXNativeTarget "EssentialFeedAPIEndToEndTests" */ = {
			isa = XCConfigurationList;
			buildConfigurations = (
				0DFA2F9728D9984E00125BAB /* Debug */,
				0DFA2F9828D9984E00125BAB /* Release */,
			);
			defaultConfigurationIsVisible = 0;
			defaultConfigurationName = Release;
		};
/* End XCConfigurationList section */
	};
	rootObject = 0D288C9F28D0499500805B95 /* Project object */;
}
